
Microsoft Visual Studio Solution File, Format Version 10.00
# Visual Studio 2008
Project("{002A2DE9-8BB6-484D-9802-7E4AD4084715}") = "PhobosAdditions", "PhobosAdditions.visualdproj", "{AF99A48B-E203-4CBD-8F98-0D5A7473FBEA}"
EndProject
Global
	GlobalSection(SolutionConfigurationPlatforms) = preSolution
		Debug|Win32 = Debug|Win32
		Release|Win32 = Release|Win32
	EndGlobalSection
	GlobalSection(ProjectConfigurationPlatforms) = postSolution
		{AF99A48B-E203-4CBD-8F98-0D5A7473FBEA}.Debug|Win32.ActiveCfg = Debug|Win32
		{AF99A48B-E203-4CBD-8F98-0D5A7473FBEA}.Debug|Win32.Build.0 = Debug|Win32
		{AF99A48B-E203-4CBD-8F98-0D5A7473FBEA}.Release|Win32.ActiveCfg = Release|Win32
		{AF99A48B-E203-4CBD-8F98-0D5A7473FBEA}.Release|Win32.Build.0 = Release|Win32
	EndGlobalSection
	GlobalSection(SolutionProperties) = preSolution
		HideSolutionNode = FALSE
	EndGlobalSection
EndGlobal
